<?xml version="1.0" encoding="utf-8"?>
<Project ToolsVersion="4.0" xmlns="http://schemas.microsoft.com/developer/msbuild/2003">
  <ItemGroup>
    <None Include="AUTHORS.rst" />
    <None Include="duk_source_meta.json" />
  </ItemGroup>
  <ItemGroup>
    <Text Include="LICENSE.txt" />
  </ItemGroup>
  <ItemGroup>
    <ClInclude Include="duk_config.h" />
    <ClInclude Include="duktape.h" />
    <ClInclude Include="duk_tval.h" />
    <ClInclude Include="duk_unicode.h" />
    <ClInclude Include="duk_util.h" />
    <ClInclude Include="duk_strings.h" />
    <ClInclude Include="duk_dblunion.h" />
    <ClInclude Include="duk_debug.h" />
    <ClInclude Include="duk_debugger.h" />
    <ClInclude Include="duk_error.h" />
    <ClInclude Include="duk_exception.h" />
    <ClInclude Include="duk_fltunion.h" />
    <ClInclude Include="duk_forwdecl.h" />
    <ClInclude Include="duk_harray.h" />
    <ClInclude Include="duk_hboundfunc.h" />
    <ClInclude Include="duk_hbuffer.h" />
    <ClInclude Include="duk_hbufobj.h" />
    <ClInclude Include="duk_hcompfunc.h" />
    <ClInclude Include="duk_heap.h" />
    <ClInclude Include="duk_heaphdr.h" />
    <ClInclude Include="duk_henv.h" />
    <ClInclude Include="duk_hnatfunc.h" />
    <ClInclude Include="duk_hobject.h" />
    <ClInclude Include="duk_hproxy.h" />
    <ClInclude Include="duk_hstring.h" />
    <ClInclude Include="duk_hthread.h" />
    <ClInclude Include="duk_internal.h" />
    <ClInclude Include="duk_jmpbuf.h" />
    <ClInclude Include="duk_js.h" />
    <ClInclude Include="duk_js_bytecode.h" />
    <ClInclude Include="duk_js_compiler.h" />
    <ClInclude Include="duk_json.h" />
    <ClInclude Include="duk_lexer.h" />
    <ClInclude Include="duk_numconv.h" />
    <ClInclude Include="duk_refcount.h" />
    <ClInclude Include="duk_regexp.h" />
    <ClInclude Include="duk_replacements.h" />
    <ClInclude Include="duk_selftest.h" />
    <ClInclude Include="duk_api_internal.h" />
    <ClInclude Include="duk_bi_protos.h" />
    <ClInclude Include="duk_builtins.h" />
  </ItemGroup>
  <ItemGroup>
    <ClCompile Include="duk_util_tinyrandom.c" />
    <ClCompile Include="duk_tval.c" />
    <ClCompile Include="duk_unicode_support.c" />
    <ClCompile Include="duk_unicode_tables.c" />
    <ClCompile Include="duk_util_bitdecoder.c" />
    <ClCompile Include="duk_util_bitencoder.c" />
    <ClCompile Include="duk_util_bufwriter.c" />
    <ClCompile Include="duk_util_cast.c" />
    <ClCompile Include="duk_util_double.c" />
    <ClCompile Include="duk_util_hashbytes.c" />
    <ClCompile Include="duk_util_memory.c" />
    <ClCompile Include="duk_util_memrw.c" />
    <ClCompile Include="duk_util_misc.c" />
    <ClCompile Include="duk_debug_fixedbuffer.c" />
    <ClCompile Include="duk_debug_macros.c" />
    <ClCompile Include="duk_debug_vsnprintf.c" />
    <ClCompile Include="duk_debugger.c" />
    <ClCompile Include="duk_error_augment.c" />
    <ClCompile Include="duk_error_longjmp.c" />
    <ClCompile Include="duk_error_macros.c" />
    <ClCompile Include="duk_error_misc.c" />
    <ClCompile Include="duk_error_throw.c" />
    <ClCompile Include="duk_hbuffer_alloc.c" />
    <ClCompile Include="duk_hbuffer_assert.c" />
    <ClCompile Include="duk_hbuffer_ops.c" />
    <ClCompile Include="duk_hbufobj_misc.c" />
    <ClCompile Include="duk_heap_alloc.c" />
    <ClCompile Include="duk_heap_finalize.c" />
    <ClCompile Include="duk_heap_hashstring.c" />
    <ClCompile Include="duk_heap_markandsweep.c" />
    <ClCompile Include="duk_heap_memory.c" />
    <ClCompile Include="duk_heap_misc.c" />
    <ClCompile Include="duk_heap_refcount.c" />
    <ClCompile Include="duk_heap_stringcache.c" />
    <ClCompile Include="duk_heap_stringtable.c" />
    <ClCompile Include="duk_heaphdr_assert.c" />
    <ClCompile Include="duk_hobject_alloc.c" />
    <ClCompile Include="duk_hobject_assert.c" />
    <ClCompile Include="duk_hobject_class.c" />
    <ClCompile Include="duk_hobject_enum.c" />
    <ClCompile Include="duk_hobject_misc.c" />
    <ClCompile Include="duk_hobject_pc2line.c" />
    <ClCompile Include="duk_hobject_props.c" />
    <ClCompile Include="duk_hstring_assert.c" />
    <ClCompile Include="duk_hstring_misc.c" />
    <ClCompile Include="duk_hthread_alloc.c" />
    <ClCompile Include="duk_hthread_builtins.c" />
    <ClCompile Include="duk_hthread_misc.c" />
    <ClCompile Include="duk_hthread_stacks.c" />
    <ClCompile Include="duk_js_arith.c" />
    <ClCompile Include="duk_js_call.c" />
    <ClCompile Include="duk_js_compiler.c" />
    <ClCompile Include="duk_js_executor.c" />
    <ClCompile Include="duk_js_ops.c" />
    <ClCompile Include="duk_js_var.c" />
    <ClCompile Include="duk_lexer.c" />
    <ClCompile Include="duk_numconv.c" />
    <ClCompile Include="duk_regexp_compiler.c" />
    <ClCompile Include="duk_regexp_executor.c" />
    <ClCompile Include="duk_replacements.c" />
    <ClCompile Include="duk_selftest.c" />
    <ClCompile Include="duk_alloc_default.c" />
    <ClCompile Include="duk_api_buffer.c" />
    <ClCompile Include="duk_api_bytecode.c" />
    <ClCompile Include="duk_api_call.c" />
    <ClCompile Include="duk_api_codec.c" />
    <ClCompile Include="duk_api_compile.c" />
    <ClCompile Include="duk_api_debug.c" />
    <ClCompile Include="duk_api_heap.c" />
    <ClCompile Include="duk_api_inspect.c" />
    <ClCompile Include="duk_api_memory.c" />
    <ClCompile Include="duk_api_object.c" />
    <ClCompile Include="duk_api_random.c" />
    <ClCompile Include="duk_api_stack.c" />
    <ClCompile Include="duk_api_string.c" />
    <ClCompile Include="duk_api_time.c" />
    <ClCompile Include="duk_bi_array.c" />
    <ClCompile Include="duk_bi_boolean.c" />
    <ClCompile Include="duk_bi_buffer.c" />
    <ClCompile Include="duk_bi_cbor.c" />
    <ClCompile Include="duk_bi_date.c" />
    <ClCompile Include="duk_bi_date_unix.c" />
    <ClCompile Include="duk_bi_date_windows.c" />
    <ClCompile Include="duk_bi_duktape.c" />
    <ClCompile Include="duk_bi_encoding.c" />
    <ClCompile Include="duk_bi_error.c" />
    <ClCompile Include="duk_bi_function.c" />
    <ClCompile Include="duk_bi_global.c" />
    <ClCompile Include="duk_bi_json.c" />
    <ClCompile Include="duk_bi_math.c" />
    <ClCompile Include="duk_bi_number.c" />
    <ClCompile Include="duk_bi_object.c" />
    <ClCompile Include="duk_bi_performance.c" />
    <ClCompile Include="duk_bi_pointer.c" />
    <ClCompile Include="duk_bi_promise.c" />
    <ClCompile Include="duk_bi_proxy.c" />
    <ClCompile Include="duk_bi_reflect.c" />
    <ClCompile Include="duk_bi_regexp.c" />
    <ClCompile Include="duk_bi_string.c" />
    <ClCompile Include="duk_bi_symbol.c" />
    <ClCompile Include="duk_bi_thread.c" />
    <ClCompile Include="duk_bi_thrower.c" />
    <ClCompile Include="duk_builtins.c" />
  </ItemGroup>
</Project>